
Microsoft Visual Studio Solution File, Format Version 12.00
# Visual Studio 2012
Project("{FAE04EC0-301F-11D3-BF4B-00C04F79EFBC}") = "contacts-ios", "contacts-ios\contacts-ios.csproj", "{7A95B949-D8FC-4466-BEB8-A790B6428239}"
EndProject
Global
	GlobalSection(SolutionConfigurationPlatforms) = preSolution
		Debug|iPhoneSimulator = Debug|iPhoneSimulator
		Release|iPhone = Release|iPhone
		Release|iPhoneSimulator = Release|iPhoneSimulator
		Debug|iPhone = Debug|iPhone
	EndGlobalSection
	GlobalSection(ProjectConfigurationPlatforms) = postSolution
		{7A95B949-D8FC-4466-BEB8-A790B6428239}.Debug|iPhone.ActiveCfg = Debug|iPhone
		{7A95B949-D8FC-4466-BEB8-A790B6428239}.Debug|iPhone.Build.0 = Debug|iPhone
		{7A95B949-D8FC-4466-BEB8-A790B6428239}.Debug|iPhoneSimulator.ActiveCfg = Debug|iPhoneSimulator
		{7A95B949-D8FC-4466-BEB8-A790B6428239}.Debug|iPhoneSimulator.Build.0 = Debug|iPhoneSimulator
		{7A95B949-D8FC-4466-BEB8-A790B6428239}.Release|iPhone.ActiveCfg = Release|iPhone
		{7A95B949-D8FC-4466-BEB8-A790B6428239}.Release|iPhone.Build.0 = Release|iPhone
		{7A95B949-D8FC-4466-BEB8-A790B6428239}.Release|iPhoneSimulator.ActiveCfg = Release|iPhoneSimulator
		{7A95B949-D8FC-4466-BEB8-A790B6428239}.Release|iPhoneSimulator.Build.0 = Release|iPhoneSimulator
	EndGlobalSection
EndGlobal
